
Microsoft Visual Studio Solution File, Format Version 12.00
# Visual Studio Version 17
VisualStudioVersion = 17.4.33213.308
MinimumVisualStudioVersion = 10.0.40219.1
Project("{FAE04EC0-301F-11D3-BF4B-00C04F79EFBC}") = "CVBuilder_MVC", "CVBuilder_MVC\CVBuilder_MVC.csproj", "{A46583C3-15D3-42CE-8F64-3AB269A2B265}"
EndProject
Global
	GlobalSection(SolutionConfigurationPlatforms) = preSolution
		Debug|Any CPU = Debug|Any CPU
		Release|Any CPU = Release|Any CPU
	EndGlobalSection
	GlobalSection(ProjectConfigurationPlatforms) = postSolution
		{A46583C3-15D3-42CE-8F64-3AB269A2B265}.Debug|Any CPU.ActiveCfg = Debug|Any CPU
		{A46583C3-15D3-42CE-8F64-3AB269A2B265}.Debug|Any CPU.Build.0 = Debug|Any CPU
		{A46583C3-15D3-42CE-8F64-3AB269A2B265}.Release|Any CPU.ActiveCfg = Release|Any CPU
		{A46583C3-15D3-42CE-8F64-3AB269A2B265}.Release|Any CPU.Build.0 = Release|Any CPU
	EndGlobalSection
	GlobalSection(SolutionProperties) = preSolution
		HideSolutionNode = FALSE
	EndGlobalSection
	GlobalSection(ExtensibilityGlobals) = postSolution
		SolutionGuid = {68D56CE5-8688-4ED3-BA9F-BBE06F66701C}
	EndGlobalSection
EndGlobal
